// !$*UTF8*$!
{
	archiveVersion = 1;
	classes = {
	};
	objectVersion = 50;
	objects = {

/* Begin PBXBuildFile section */
		EF89A57D2238261700DBCAC6 /* AppDelegate.swift in Sources */ = {isa = PBXBuildFile; fileRef = EF89A57C2238261700DBCAC6 /* AppDelegate.swift */; };
		EF89A57F2238261700DBCAC6 /* ViewController.swift in Sources */ = {isa = PBXBuildFile; fileRef = EF89A57E2238261700DBCAC6 /* ViewController.swift */; };
		EF89A5822238261700DBCAC6 /* Main.storyboard in Resources */ = {isa = PBXBuildFile; fileRef = EF89A5802238261700DBCAC6 /* Main.storyboard */; };
		EF89A5842238261800DBCAC6 /* Assets.xcassets in Resources */ = {isa = PBXBuildFile; fileRef = EF89A5832238261800DBCAC6 /* Assets.xcassets */; };
		EF89A5872238261800DBCAC6 /* LaunchScreen.storyboard in Resources */ = {isa = PBXBuildFile; fileRef = EF89A5852238261800DBCAC6 /* LaunchScreen.storyboard */; };
		EF89A5922238261800DBCAC6 /* tappTests.swift in Sources */ = {isa = PBXBuildFile; fileRef = EF89A5912238261800DBCAC6 /* tappTests.swift */; };
		EF89A59D2238261800DBCAC6 /* tappUITests.swift in Sources */ = {isa = PBXBuildFile; fileRef = EF89A59C2238261800DBCAC6 /* tappUITests.swift */; };
/* End PBXBuildFile section */

/* Begin PBXContainerItemProxy section */
		EF89A58E2238261800DBCAC6 /* PBXContainerItemProxy */ = {
			isa = PBXContainerItemProxy;
			containerPortal = EF89A5712238261700DBCAC6 /* Project object */;
			proxyType = 1;
			remoteGlobalIDString = EF89A5782238261700DBCAC6;
			remoteInfo = tapp;
		};
		EF89A5992238261800DBCAC6 /* PBXContainerItemProxy */ = {
			isa = PBXContainerItemProxy;
			containerPortal = EF89A5712238261700DBCAC6 /* Project object */;
			proxyType = 1;
			remoteGlobalIDString = EF89A5782238261700DBCAC6;
			remoteInfo = tapp;
		};
/* End PBXContainerItemProxy section */

/* Begin PBXFileReference section */
		EF89A5792238261700DBCAC6 /* tapp.app */ = {isa = PBXFileReference; explicitFileType = wrapper.application; includeInIndex = 0; path = tapp.app; sourceTree = BUILT_PRODUCTS_DIR; };
		EF89A57C2238261700DBCAC6 /* AppDelegate.swift */ = {isa = PBXFileReference; lastKnownFileType = sourcecode.swift; path = AppDelegate.swift; sourceTree = "<group>"; };
		EF89A57E2238261700DBCAC6 /* ViewController.swift */ = {isa = PBXFileReference; lastKnownFileType = sourcecode.swift; path = ViewController.swift; sourceTree = "<group>"; };
		EF89A5812238261700DBCAC6 /* Base */ = {isa = PBXFileReference; lastKnownFileType = file.storyboard; name = Base; path = Base.lproj/Main.storyboard; sourceTree = "<group>"; };
		EF89A5832238261800DBCAC6 /* Assets.xcassets */ = {isa = PBXFileReference; lastKnownFileType = folder.assetcatalog; path = Assets.xcassets; sourceTree = "<group>"; };
		EF89A5862238261800DBCAC6 /* Base */ = {isa = PBXFileReference; lastKnownFileType = file.storyboard; name = Base; path = Base.lproj/LaunchScreen.storyboard; sourceTree = "<group>"; };
		EF89A5882238261800DBCAC6 /* Info.plist */ = {isa = PBXFileReference; lastKnownFileType = text.plist.xml; path = Info.plist; sourceTree = "<group>"; };
		EF89A58D2238261800DBCAC6 /* tappTests.xctest */ = {isa = PBXFileReference; explicitFileType = wrapper.cfbundle; includeInIndex = 0; path = tappTests.xctest; sourceTree = BUILT_PRODUCTS_DIR; };
		EF89A5912238261800DBCAC6 /* tappTests.swift */ = {isa = PBXFileReference; lastKnownFileType = sourcecode.swift; path = tappTests.swift; sourceTree = "<group>"; };
		EF89A5932238261800DBCAC6 /* Info.plist */ = {isa = PBXFileReference; lastKnownFileType = text.plist.xml; path = Info.plist; sourceTree = "<group>"; };
		EF89A5982238261800DBCAC6 /* tappUITests.xctest */ = {isa = PBXFileReference; explicitFileType = wrapper.cfbundle; includeInIndex = 0; path = tappUITests.xctest; sourceTree = BUILT_PRODUCTS_DIR; };
		EF89A59C2238261800DBCAC6 /* tappUITests.swift */ = {isa = PBXFileReference; lastKnownFileType = sourcecode.swift; path = tappUITests.swift; sourceTree = "<group>"; };
		EF89A59E2238261800DBCAC6 /* Info.plist */ = {isa = PBXFileReference; lastKnownFileType = text.plist.xml; path = Info.plist; sourceTree = "<group>"; };
/* End PBXFileReference section */

/* Begin PBXFrameworksBuildPhase section */
		EF89A5762238261700DBCAC6 /* Frameworks */ = {
			isa = PBXFrameworksBuildPhase;
			buildActionMask = 2147483647;
			files = (
			);
			runOnlyForDeploymentPostprocessing = 0;
		};
		EF89A58A2238261800DBCAC6 /* Frameworks */ = {
			isa = PBXFrameworksBuildPhase;
			buildActionMask = 2147483647;
			files = (
			);
			runOnlyForDeploymentPostprocessing = 0;
		};
		EF89A5952238261800DBCAC6 /* Frameworks */ = {
			isa = PBXFrameworksBuildPhase;
			buildActionMask = 2147483647;
			files = (
			);
			runOnlyForDeploymentPostprocessing = 0;
		};
/* End PBXFrameworksBuildPhase section */

/* Begin PBXGroup section */
		EF89A5702238261700DBCAC6 = {
			isa = PBXGroup;
			children = (
				EF89A57B2238261700DBCAC6 /* tapp */,
				EF89A5902238261800DBCAC6 /* tappTests */,
				EF89A59B2238261800DBCAC6 /* tappUITests */,
				EF89A57A2238261700DBCAC6 /* Products */,
			);
			sourceTree = "<group>";
		};
		EF89A57A2238261700DBCAC6 /* Products */ = {
			isa = PBXGroup;
			children = (
				EF89A5792238261700DBCAC6 /* tapp.app */,
				EF89A58D2238261800DBCAC6 /* tappTests.xctest */,
				EF89A5982238261800DBCAC6 /* tappUITests.xctest */,
			);
			name = Products;
			sourceTree = "<group>";
		};
		EF89A57B2238261700DBCAC6 /* tapp */ = {
			isa = PBXGroup;
			children = (
				EF89A57C2238261700DBCAC6 /* AppDelegate.swift */,
				EF89A57E2238261700DBCAC6 /* ViewController.swift */,
				EF89A5802238261700DBCAC6 /* Main.storyboard */,
				EF89A5832238261800DBCAC6 /* Assets.xcassets */,
				EF89A5852238261800DBCAC6 /* LaunchScreen.storyboard */,
				EF89A5882238261800DBCAC6 /* Info.plist */,
			);
			path = tapp;
			sourceTree = "<group>";
		};
		EF89A5902238261800DBCAC6 /* tappTests */ = {
			isa = PBXGroup;
			children = (
				EF89A5912238261800DBCAC6 /* tappTests.swift */,
				EF89A5932238261800DBCAC6 /* Info.plist */,
			);
			path = tappTests;
			sourceTree = "<group>";
		};
		EF89A59B2238261800DBCAC6 /* tappUITests */ = {
			isa = PBXGroup;
			children = (
				EF89A59C2238261800DBCAC6 /* tappUITests.swift */,
				EF89A59E2238261800DBCAC6 /* Info.plist */,
			);
			path = tappUITests;
			sourceTree = "<group>";
		};
/* End PBXGroup section */

/* Begin PBXNativeTarget section */
		EF89A5782238261700DBCAC6 /* tapp */ = {
			isa = PBXNativeTarget;
			buildConfigurationList = EF89A5A12238261800DBCAC6 /* Build configuration list for PBXNativeTarget "tapp" */;
			buildPhases = (
				EF89A5752238261700DBCAC6 /* Sources */,
				EF89A5762238261700DBCAC6 /* Frameworks */,
				EF89A5772238261700DBCAC6 /* Resources */,
			);
			buildRules = (
			);
			dependencies = (
			);
			name = tapp;
			productName = tapp;
			productReference = EF89A5792238261700DBCAC6 /* tapp.app */;
			productType = "com.apple.product-type.application";
		};
		EF89A58C2238261800DBCAC6 /* tappTests */ = {
			isa = PBXNativeTarget;
			buildConfigurationList = EF89A5A42238261800DBCAC6 /* Build configuration list for PBXNativeTarget "tappTests" */;
			buildPhases = (
				EF89A5892238261800DBCAC6 /* Sources */,
				EF89A58A2238261800DBCAC6 /* Frameworks */,
				EF89A58B2238261800DBCAC6 /* Resources */,
			);
			buildRules = (
			);
			dependencies = (
				EF89A58F2238261800DBCAC6 /* PBXTargetDependency */,
			);
			name = tappTests;
			productName = tappTests;
			productReference = EF89A58D2238261800DBCAC6 /* tappTests.xctest */;
			productType = "com.apple.product-type.bundle.unit-test";
		};
		EF89A5972238261800DBCAC6 /* tappUITests */ = {
			isa = PBXNativeTarget;
			buildConfigurationList = EF89A5A72238261800DBCAC6 /* Build configuration list for PBXNativeTarget "tappUITests" */;
			buildPhases = (
				EF89A5942238261800DBCAC6 /* Sources */,
				EF89A5952238261800DBCAC6 /* Frameworks */,
				EF89A5962238261800DBCAC6 /* Resources */,
			);
			buildRules = (
			);
			dependencies = (
				EF89A59A2238261800DBCAC6 /* PBXTargetDependency */,
			);
			name = tappUITests;
			productName = tappUITests;
			productReference = EF89A5982238261800DBCAC6 /* tappUITests.xctest */;
			productType = "com.apple.product-type.bundle.ui-testing";
		};
/* End PBXNativeTarget section */

/* Begin PBXProject section */
		EF89A5712238261700DBCAC6 /* Project object */ = {
			isa = PBXProject;
			attributes = {
				LastSwiftUpdateCheck = 1010;
				LastUpgradeCheck = 1010;
				ORGANIZATIONNAME = "Gazdag Sándor";
				TargetAttributes = {
					EF89A5782238261700DBCAC6 = {
						CreatedOnToolsVersion = 10.1;
					};
					EF89A58C2238261800DBCAC6 = {
						CreatedOnToolsVersion = 10.1;
						TestTargetID = EF89A5782238261700DBCAC6;
					};
					EF89A5972238261800DBCAC6 = {
						CreatedOnToolsVersion = 10.1;
						TestTargetID = EF89A5782238261700DBCAC6;
					};
				};
			};
			buildConfigurationList = EF89A5742238261700DBCAC6 /* Build configuration list for PBXProject "tapp" */;
			compatibilityVersion = "Xcode 9.3";
			developmentRegion = en;
			hasScannedForEncodings = 0;
			knownRegions = (
				en,
				Base,
			);
			mainGroup = EF89A5702238261700DBCAC6;
			productRefGroup = EF89A57A2238261700DBCAC6 /* Products */;
			projectDirPath = "";
			projectRoot = "";
			targets = (
				EF89A5782238261700DBCAC6 /* tapp */,
				EF89A58C2238261800DBCAC6 /* tappTests */,
				EF89A5972238261800DBCAC6 /* tappUITests */,
			);
		};
/* End PBXProject section */

/* Begin PBXResourcesBuildPhase section */
		EF89A5772238261700DBCAC6 /* Resources */ = {
			isa = PBXResourcesBuildPhase;
			buildActionMask = 2147483647;
			files = (
				EF89A5872238261800DBCAC6 /* LaunchScreen.storyboard in Resources */,
				EF89A5842238261800DBCAC6 /* Assets.xcassets in Resources */,
				EF89A5822238261700DBCAC6 /* Main.storyboard in Resources */,
			);
			runOnlyForDeploymentPostprocessing = 0;
		};
		EF89A58B2238261800DBCAC6 /* Resources */ = {
			isa = PBXResourcesBuildPhase;
			buildActionMask = 2147483647;
			files = (
			);
			runOnlyForDeploymentPostprocessing = 0;
		};
		EF89A5962238261800DBCAC6 /* Resources */ = {
			isa = PBXResourcesBuildPhase;
			buildActionMask = 2147483647;
			files = (
			);
			runOnlyForDeploymentPostprocessing = 0;
		};
/* End PBXResourcesBuildPhase section */

/* Begin PBXSourcesBuildPhase section */
		EF89A5752238261700DBCAC6 /* Sources */ = {
			isa = PBXSourcesBuildPhase;
			buildActionMask = 2147483647;
			files = (
				EF89A57F2238261700DBCAC6 /* ViewController.swift in Sources */,
				EF89A57D2238261700DBCAC6 /* AppDelegate.swift in Sources */,
			);
			runOnlyForDeploymentPostprocessing = 0;
		};
		EF89A5892238261800DBCAC6 /* Sources */ = {
			isa = PBXSourcesBuildPhase;
			buildActionMask = 2147483647;
			files = (
				EF89A5922238261800DBCAC6 /* tappTests.swift in Sources */,
			);
			runOnlyForDeploymentPostprocessing = 0;
		};
		EF89A5942238261800DBCAC6 /* Sources */ = {
			isa = PBXSourcesBuildPhase;
			buildActionMask = 2147483647;
			files = (
				EF89A59D2238261800DBCAC6 /* tappUITests.swift in Sources */,
			);
			runOnlyForDeploymentPostprocessing = 0;
		};
/* End PBXSourcesBuildPhase section */

/* Begin PBXTargetDependency section */
		EF89A58F2238261800DBCAC6 /* PBXTargetDependency */ = {
			isa = PBXTargetDependency;
			target = EF89A5782238261700DBCAC6 /* tapp */;
			targetProxy = EF89A58E2238261800DBCAC6 /* PBXContainerItemProxy */;
		};
		EF89A59A2238261800DBCAC6 /* PBXTargetDependency */ = {
			isa = PBXTargetDependency;
			target = EF89A5782238261700DBCAC6 /* tapp */;
			targetProxy = EF89A5992238261800DBCAC6 /* PBXContainerItemProxy */;
		};
/* End PBXTargetDependency section */

/* Begin PBXVariantGroup section */
		EF89A5802238261700DBCAC6 /* Main.storyboard */ = {
			isa = PBXVariantGroup;
			children = (
				EF89A5812238261700DBCAC6 /* Base */,
			);
			name = Main.storyboard;
			sourceTree = "<group>";
		};
		EF89A5852238261800DBCAC6 /* LaunchScreen.storyboard */ = {
			isa = PBXVariantGroup;
			children = (
				EF89A5862238261800DBCAC6 /* Base */,
			);
			name = LaunchScreen.storyboard;
			sourceTree = "<group>";
		};
/* End PBXVariantGroup section */

/* Begin XCBuildConfiguration section */
		EF89A59F2238261800DBCAC6 /* Debug */ = {
			isa = XCBuildConfiguration;
			buildSettings = {
				ALWAYS_SEARCH_USER_PATHS = NO;
				CLANG_ANALYZER_NONNULL = YES;
				CLANG_ANALYZER_NUMBER_OBJECT_CONVERSION = YES_AGGRESSIVE;
				CLANG_CXX_LANGUAGE_STANDARD = "gnu++14";
				CLANG_CXX_LIBRARY = "libc++";
				CLANG_ENABLE_MODULES = YES;
				CLANG_ENABLE_OBJC_ARC = YES;
				CLANG_ENABLE_OBJC_WEAK = YES;
				CLANG_WARN_BLOCK_CAPTURE_AUTORELEASING = YES;
				CLANG_WARN_BOOL_CONVERSION = YES;
				CLANG_WARN_COMMA = YES;
				CLANG_WARN_CONSTANT_CONVERSION = YES;
				CLANG_WARN_DEPRECATED_OBJC_IMPLEMENTATIONS = YES;
				CLANG_WARN_DIRECT_OBJC_ISA_USAGE = YES_ERROR;
				CLANG_WARN_DOCUMENTATION_COMMENTS = YES;
				CLANG_WARN_EMPTY_BODY = YES;
				CLANG_WARN_ENUM_CONVERSION = YES;
				CLANG_WARN_INFINITE_RECURSION = YES;
				CLANG_WARN_INT_CONVERSION = YES;
				CLANG_WARN_NON_LITERAL_NULL_CONVERSION = YES;
				CLANG_WARN_OBJC_IMPLICIT_RETAIN_SELF = YES;
				CLANG_WARN_OBJC_LITERAL_CONVERSION = YES;
				CLANG_WARN_OBJC_ROOT_CLASS = YES_ERROR;
				CLANG_WARN_RANGE_LOOP_ANALYSIS = YES;
				CLANG_WARN_STRICT_PROTOTYPES = YES;
				CLANG_WARN_SUSPICIOUS_MOVE = YES;
				CLANG_WARN_UNGUARDED_AVAILABILITY = YES_AGGRESSIVE;
				CLANG_WARN_UNREACHABLE_CODE = YES;
				CLANG_WARN__DUPLICATE_METHOD_MATCH = YES;
				CODE_SIGN_IDENTITY = "iPhone Developer";
				COPY_PHASE_STRIP = NO;
				DEBUG_INFORMATION_FORMAT = dwarf;
				ENABLE_STRICT_OBJC_MSGSEND = YES;
				ENABLE_TESTABILITY = YES;
				GCC_C_LANGUAGE_STANDARD = gnu11;
				GCC_DYNAMIC_NO_PIC = NO;
				GCC_NO_COMMON_BLOCKS = YES;
				GCC_OPTIMIZATION_LEVEL = 0;
				GCC_PREPROCESSOR_DEFINITIONS = (
					"DEBUG=1",
					"$(inherited)",
				);
				GCC_WARN_64_TO_32_BIT_CONVERSION = YES;
				GCC_WARN_ABOUT_RETURN_TYPE = YES_ERROR;
				GCC_WARN_UNDECLARED_SELECTOR = YES;
				GCC_WARN_UNINITIALIZED_AUTOS = YES_AGGRESSIVE;
				GCC_WARN_UNUSED_FUNCTION = YES;
				GCC_WARN_UNUSED_VARIABLE = YES;
				IPHONEOS_DEPLOYMENT_TARGET = 12.1;
				MTL_ENABLE_DEBUG_INFO = INCLUDE_SOURCE;
				MTL_FAST_MATH = YES;
				ONLY_ACTIVE_ARCH = YES;
				SDKROOT = iphoneos;
				SWIFT_ACTIVE_COMPILATION_CONDITIONS = DEBUG;
				SWIFT_OPTIMIZATION_LEVEL = "-Onone";
			};
			name = Debug;
		};
		EF89A5A02238261800DBCAC6 /* Release */ = {
			isa = XCBuildConfiguration;
			buildSettings = {
				ALWAYS_SEARCH_USER_PATHS = NO;
				CLANG_ANALYZER_NONNULL = YES;
				CLANG_ANALYZER_NUMBER_OBJECT_CONVERSION = YES_AGGRESSIVE;
				CLANG_CXX_LANGUAGE_STANDARD = "gnu++14";
				CLANG_CXX_LIBRARY = "libc++";
				CLANG_ENABLE_MODULES = YES;
				CLANG_ENABLE_OBJC_ARC = YES;
				CLANG_ENABLE_OBJC_WEAK = YES;
				CLANG_WARN_BLOCK_CAPTURE_AUTORELEASING = YES;
				CLANG_WARN_BOOL_CONVERSION = YES;
				CLANG_WARN_COMMA = YES;
				CLANG_WARN_CONSTANT_CONVERSION = YES;
				CLANG_WARN_DEPRECATED_OBJC_IMPLEMENTATIONS = YES;
				CLANG_WARN_DIRECT_OBJC_ISA_USAGE = YES_ERROR;
				CLANG_WARN_DOCUMENTATION_COMMENTS = YES;
				CLANG_WARN_EMPTY_BODY = YES;
				CLANG_WARN_ENUM_CONVERSION = YES;
				CLANG_WARN_INFINITE_RECURSION = YES;
				CLANG_WARN_INT_CONVERSION = YES;
				CLANG_WARN_NON_LITERAL_NULL_CONVERSION = YES;
				CLANG_WARN_OBJC_IMPLICIT_RETAIN_SELF = YES;
				CLANG_WARN_OBJC_LITERAL_CONVERSION = YES;
				CLANG_WARN_OBJC_ROOT_CLASS = YES_ERROR;
				CLANG_WARN_RANGE_LOOP_ANALYSIS = YES;
				CLANG_WARN_STRICT_PROTOTYPES = YES;
				CLANG_WARN_SUSPICIOUS_MOVE = YES;
				CLANG_WARN_UNGUARDED_AVAILABILITY = YES_AGGRESSIVE;
				CLANG_WARN_UNREACHABLE_CODE = YES;
				CLANG_WARN__DUPLICATE_METHOD_MATCH = YES;
				CODE_SIGN_IDENTITY = "iPhone Developer";
				COPY_PHASE_STRIP = NO;
				DEBUG_INFORMATION_FORMAT = "dwarf-with-dsym";
				ENABLE_NS_ASSERTIONS = NO;
				ENABLE_STRICT_OBJC_MSGSEND = YES;
				GCC_C_LANGUAGE_STANDARD = gnu11;
				GCC_NO_COMMON_BLOCKS = YES;
				GCC_WARN_64_TO_32_BIT_CONVERSION = YES;
				GCC_WARN_ABOUT_RETURN_TYPE = YES_ERROR;
				GCC_WARN_UNDECLARED_SELECTOR = YES;
				GCC_WARN_UNINITIALIZED_AUTOS = YES_AGGRESSIVE;
				GCC_WARN_UNUSED_FUNCTION = YES;
				GCC_WARN_UNUSED_VARIABLE = YES;
				IPHONEOS_DEPLOYMENT_TARGET = 12.1;
				MTL_ENABLE_DEBUG_INFO = NO;
				MTL_FAST_MATH = YES;
				SDKROOT = iphoneos;
				SWIFT_COMPILATION_MODE = wholemodule;
				SWIFT_OPTIMIZATION_LEVEL = "-O";
				VALIDATE_PRODUCT = YES;
			};
			name = Release;
		};
		EF89A5A22238261800DBCAC6 /* Debug */ = {
			isa = XCBuildConfiguration;
			buildSettings = {
				ASSETCATALOG_COMPILER_APPICON_NAME = AppIcon;
				CODE_SIGN_STYLE = Automatic;
				INFOPLIST_FILE = tapp/Info.plist;
				LD_RUNPATH_SEARCH_PATHS = (
					"$(inherited)",
					"@executable_path/Frameworks",
				);
				PRODUCT_BUNDLE_IDENTIFIER = asd.tapp;
				PRODUCT_NAME = "$(TARGET_NAME)";
				SWIFT_VERSION = 4.2;
				TARGETED_DEVICE_FAMILY = "1,2";
			};
			name = Debug;
		};
		EF89A5A32238261800DBCAC6 /* Release */ = {
			isa = XCBuildConfiguration;
			buildSettings = {
				ASSETCATALOG_COMPILER_APPICON_NAME = AppIcon;
				CODE_SIGN_STYLE = Automatic;
				INFOPLIST_FILE = tapp/Info.plist;
				LD_RUNPATH_SEARCH_PATHS = (
					"$(inherited)",
					"@executable_path/Frameworks",
				);
				PRODUCT_BUNDLE_IDENTIFIER = asd.tapp;
				PRODUCT_NAME = "$(TARGET_NAME)";
				SWIFT_VERSION = 4.2;
				TARGETED_DEVICE_FAMILY = "1,2";
			};
			name = Release;
		};
		EF89A5A52238261800DBCAC6 /* Debug */ = {
			isa = XCBuildConfiguration;
			buildSettings = {
				ALWAYS_EMBED_SWIFT_STANDARD_LIBRARIES = YES;
				BUNDLE_LOADER = "$(TEST_HOST)";
				CODE_SIGN_STYLE = Automatic;
				INFOPLIST_FILE = tappTests/Info.plist;
				LD_RUNPATH_SEARCH_PATHS = (
					"$(inherited)",
					"@executable_path/Frameworks",
					"@loader_path/Frameworks",
				);
				PRODUCT_BUNDLE_IDENTIFIER = asd.tappTests;
				PRODUCT_NAME = "$(TARGET_NAME)";
				SWIFT_VERSION = 4.2;
				TARGETED_DEVICE_FAMILY = "1,2";
				TEST_HOST = "$(BUILT_PRODUCTS_DIR)/tapp.app/tapp";
			};
			name = Debug;
		};
		EF89A5A62238261800DBCAC6 /* Release */ = {
			isa = XCBuildConfiguration;
			buildSettings = {
				ALWAYS_EMBED_SWIFT_STANDARD_LIBRARIES = YES;
				BUNDLE_LOADER = "$(TEST_HOST)";
				CODE_SIGN_STYLE = Automatic;
				INFOPLIST_FILE = tappTests/Info.plist;
				LD_RUNPATH_SEARCH_PATHS = (
					"$(inherited)",
					"@executable_path/Frameworks",
					"@loader_path/Frameworks",
				);
				PRODUCT_BUNDLE_IDENTIFIER = asd.tappTests;
				PRODUCT_NAME = "$(TARGET_NAME)";
				SWIFT_VERSION = 4.2;
				TARGETED_DEVICE_FAMILY = "1,2";
				TEST_HOST = "$(BUILT_PRODUCTS_DIR)/tapp.app/tapp";
			};
			name = Release;
		};
		EF89A5A82238261800DBCAC6 /* Debug */ = {
			isa = XCBuildConfiguration;
			buildSettings = {
				ALWAYS_EMBED_SWIFT_STANDARD_LIBRARIES = YES;
				CODE_SIGN_STYLE = Automatic;
				INFOPLIST_FILE = tappUITests/Info.plist;
				LD_RUNPATH_SEARCH_PATHS = (
					"$(inherited)",
					"@executable_path/Frameworks",
					"@loader_path/Frameworks",
				);
				PRODUCT_BUNDLE_IDENTIFIER = asd.tappUITests;
				PRODUCT_NAME = "$(TARGET_NAME)";
				SWIFT_VERSION = 4.2;
				TARGETED_DEVICE_FAMILY = "1,2";
				TEST_TARGET_NAME = tapp;
			};
			name = Debug;
		};
		EF89A5A92238261800DBCAC6 /* Release */ = {
			isa = XCBuildConfiguration;
			buildSettings = {
				ALWAYS_EMBED_SWIFT_STANDARD_LIBRARIES = YES;
				CODE_SIGN_STYLE = Automatic;
				INFOPLIST_FILE = tappUITests/Info.plist;
				LD_RUNPATH_SEARCH_PATHS = (
					"$(inherited)",
					"@executable_path/Frameworks",
					"@loader_path/Frameworks",
				);
				PRODUCT_BUNDLE_IDENTIFIER = asd.tappUITests;
				PRODUCT_NAME = "$(TARGET_NAME)";
				SWIFT_VERSION = 4.2;
				TARGETED_DEVICE_FAMILY = "1,2";
				TEST_TARGET_NAME = tapp;
			};
			name = Release;
		};
/* End XCBuildConfiguration section */

/* Begin XCConfigurationList section */
		EF89A5742238261700DBCAC6 /* Build configuration list for PBXProject "tapp" */ = {
			isa = XCConfigurationList;
			buildConfigurations = (
				EF89A59F2238261800DBCAC6 /* Debug */,
				EF89A5A02238261800DBCAC6 /* Release */,
			);
			defaultConfigurationIsVisible = 0;
			defaultConfigurationName = Release;
		};
		EF89A5A12238261800DBCAC6 /* Build configuration list for PBXNativeTarget "tapp" */ = {
			isa = XCConfigurationList;
			buildConfigurations = (
				EF89A5A22238261800DBCAC6 /* Debug */,
				EF89A5A32238261800DBCAC6 /* Release */,
			);
			defaultConfigurationIsVisible = 0;
			defaultConfigurationName = Release;
		};
		EF89A5A42238261800DBCAC6 /* Build configuration list for PBXNativeTarget "tappTests" */ = {
			isa = XCConfigurationList;
			buildConfigurations = (
				EF89A5A52238261800DBCAC6 /* Debug */,
				EF89A5A62238261800DBCAC6 /* Release */,
			);
			defaultConfigurationIsVisible = 0;
			defaultConfigurationName = Release;
		};
		EF89A5A72238261800DBCAC6 /* Build configuration list for PBXNativeTarget "tappUITests" */ = {
			isa = XCConfigurationList;
			buildConfigurations = (
				EF89A5A82238261800DBCAC6 /* Debug */,
				EF89A5A92238261800DBCAC6 /* Release */,
			);
			defaultConfigurationIsVisible = 0;
			defaultConfigurationName = Release;
		};
/* End XCConfigurationList section */
	};
	rootObject = EF89A5712238261700DBCAC6 /* Project object */;
}
